{
  "version": 4,
  "terraform_version": "0.12.26",
  "serial": 22,
  "lineage": "ec2a8f15-8a68-4289-aec9-9b5140f1e97e",
  "outputs": {},
  "resources": [
    {
      "mode": "managed",
      "type": "docker_image",
      "name": "mysql",
      "provider": "provider.docker",
      "instances": [
        {
          "schema_version": 0,
          "attributes": {
            "id": "sha256:c8562eaf9d81c779cbfc318d6e01b8e6f86907f1d41233268a2ed83b2f34e748mysql:8",
            "keep_locally": null,
            "latest": "sha256:c8562eaf9d81c779cbfc318d6e01b8e6f86907f1d41233268a2ed83b2f34e748",
            "name": "mysql:8",
            "pull_trigger": null,
            "pull_triggers": null
          }
        }
      ]
    }
  ]
}
